
Microsoft Visual Studio Solution File, Format Version 12.00
# Visual Studio Version 17
VisualStudioVersion = 17.8.34525.116
MinimumVisualStudioVersion = 10.0.40219.1
Project("{8BC9CEB8-8B4A-11D0-8D11-00A0C91BC942}") = "KarimHussain-Assignment3A", "KarimHussain-Assignment3A.vcxproj", "{FD99DCB7-A331-42F9-9D9C-BEA8AB7F5900}"
EndProject
Global
	GlobalSection(SolutionConfigurationPlatforms) = preSolution
		Debug|x64 = Debug|x64
		Debug|x86 = Debug|x86
		Release|x64 = Release|x64
		Release|x86 = Release|x86
	EndGlobalSection
	GlobalSection(ProjectConfigurationPlatforms) = postSolution
		{FD99DCB7-A331-42F9-9D9C-BEA8AB7F5900}.Debug|x64.ActiveCfg = Debug|x64
		{FD99DCB7-A331-42F9-9D9C-BEA8AB7F5900}.Debug|x64.Build.0 = Debug|x64
		{FD99DCB7-A331-42F9-9D9C-BEA8AB7F5900}.Debug|x86.ActiveCfg = Debug|Win32
		{FD99DCB7-A331-42F9-9D9C-BEA8AB7F5900}.Debug|x86.Build.0 = Debug|Win32
		{FD99DCB7-A331-42F9-9D9C-BEA8AB7F5900}.Release|x64.ActiveCfg = Release|x64
		{FD99DCB7-A331-42F9-9D9C-BEA8AB7F5900}.Release|x64.Build.0 = Release|x64
		{FD99DCB7-A331-42F9-9D9C-BEA8AB7F5900}.Release|x86.ActiveCfg = Release|Win32
		{FD99DCB7-A331-42F9-9D9C-BEA8AB7F5900}.Release|x86.Build.0 = Release|Win32
	EndGlobalSection
	GlobalSection(SolutionProperties) = preSolution
		HideSolutionNode = FALSE
	EndGlobalSection
	GlobalSection(ExtensibilityGlobals) = postSolution
		SolutionGuid = {8F560837-0B19-4D97-9950-EEC9741A6F00}
	EndGlobalSection
EndGlobal
